PODS:
  - ZJJAllModule (0.1.0):
    - ZJJAllModule/BYTimer (= 0.1.0)
  - ZJJAllModule/BYTimer (0.1.0)

DEPENDENCIES:
  - ZJJAllModule (from `../`)

EXTERNAL SOURCES:
  ZJJAllModule:
    :path: "../"

SPEC CHECKSUMS:
  ZJJAllModule: dccb6043851d5681c37daff4490f3e208c7dd30f

PODFILE CHECKSUM: a27bb3a7d10b751ce76d5d520bc50876d40f6aa3

COCOAPODS: 1.8.4
